
Microsoft Visual Studio Solution File, Format Version 12.00
# Visual Studio Version 17
VisualStudioVersion = 17.9.34723.18
MinimumVisualStudioVersion = 10.0.40219.1
Project("{FAE04EC0-301F-11D3-BF4B-00C04F79EFBC}") = "PlayerBlazorApp", "PlayerBlazorApp\PlayerBlazorApp.csproj", "{6E2DF26B-B2B8-4FE8-A160-3B5D02D33DB0}"
EndProject
Global
	GlobalSection(SolutionConfigurationPlatforms) = preSolution
		Debug|Any CPU = Debug|Any CPU
		Release|Any CPU = Release|Any CPU
	EndGlobalSection
	GlobalSection(ProjectConfigurationPlatforms) = postSolution
		{6E2DF26B-B2B8-4FE8-A160-3B5D02D33DB0}.Debug|Any CPU.ActiveCfg = Debug|Any CPU
		{6E2DF26B-B2B8-4FE8-A160-3B5D02D33DB0}.Debug|Any CPU.Build.0 = Debug|Any CPU
		{6E2DF26B-B2B8-4FE8-A160-3B5D02D33DB0}.Release|Any CPU.ActiveCfg = Release|Any CPU
		{6E2DF26B-B2B8-4FE8-A160-3B5D02D33DB0}.Release|Any CPU.Build.0 = Release|Any CPU
	EndGlobalSection
	GlobalSection(SolutionProperties) = preSolution
		HideSolutionNode = FALSE
	EndGlobalSection
	GlobalSection(ExtensibilityGlobals) = postSolution
		SolutionGuid = {85F2A395-25F3-496A-B696-625C919BDE27}
	EndGlobalSection
EndGlobal
